
Microsoft Visual Studio Solution File, Format Version 12.00
# Visual Studio Version 16
VisualStudioVersion = 16.0.31729.503
MinimumVisualStudioVersion = 10.0.40219.1
Project("{FAE04EC0-301F-11D3-BF4B-00C04F79EFBC}") = "For", "For\For.csproj", "{08EC9CEC-67AA-4E2D-B7EA-7498779583FE}"
EndProject
Global
	GlobalSection(SolutionConfigurationPlatforms) = preSolution
		Debug|Any CPU = Debug|Any CPU
		Release|Any CPU = Release|Any CPU
	EndGlobalSection
	GlobalSection(ProjectConfigurationPlatforms) = postSolution
		{08EC9CEC-67AA-4E2D-B7EA-7498779583FE}.Debug|Any CPU.ActiveCfg = Debug|Any CPU
		{08EC9CEC-67AA-4E2D-B7EA-7498779583FE}.Debug|Any CPU.Build.0 = Debug|Any CPU
		{08EC9CEC-67AA-4E2D-B7EA-7498779583FE}.Release|Any CPU.ActiveCfg = Release|Any CPU
		{08EC9CEC-67AA-4E2D-B7EA-7498779583FE}.Release|Any CPU.Build.0 = Release|Any CPU
	EndGlobalSection
	GlobalSection(SolutionProperties) = preSolution
		HideSolutionNode = FALSE
	EndGlobalSection
	GlobalSection(ExtensibilityGlobals) = postSolution
		SolutionGuid = {A054AFC4-481B-44E5-BBB9-A853F6CF624C}
	EndGlobalSection
EndGlobal
